
Microsoft Visual Studio Solution File, Format Version 12.00
# Visual Studio 15
VisualStudioVersion = 15.0.27004.2006
MinimumVisualStudioVersion = 10.0.40219.1
Project("{FAE04EC0-301F-11D3-BF4B-00C04F79EFBC}") = "OdeTooFood", "OdeTooFood\OdeTooFood.csproj", "{DCFE9AF4-54B2-4917-AC31-EE29E332F696}"
EndProject
Project("{FAE04EC0-301F-11D3-BF4B-00C04F79EFBC}") = "OdeTooFood.Tests", "OdeTooFood.Tests\OdeTooFood.Tests.csproj", "{67A581A9-B29F-48CE-8774-D39029C3031B}"
EndProject
Global
	GlobalSection(SolutionConfigurationPlatforms) = preSolution
		Debug|Any CPU = Debug|Any CPU
		Release|Any CPU = Release|Any CPU
	EndGlobalSection
	GlobalSection(ProjectConfigurationPlatforms) = postSolution
		{DCFE9AF4-54B2-4917-AC31-EE29E332F696}.Debug|Any CPU.ActiveCfg = Debug|Any CPU
		{DCFE9AF4-54B2-4917-AC31-EE29E332F696}.Debug|Any CPU.Build.0 = Debug|Any CPU
		{DCFE9AF4-54B2-4917-AC31-EE29E332F696}.Release|Any CPU.ActiveCfg = Release|Any CPU
		{DCFE9AF4-54B2-4917-AC31-EE29E332F696}.Release|Any CPU.Build.0 = Release|Any CPU
		{67A581A9-B29F-48CE-8774-D39029C3031B}.Debug|Any CPU.ActiveCfg = Debug|Any CPU
		{67A581A9-B29F-48CE-8774-D39029C3031B}.Debug|Any CPU.Build.0 = Debug|Any CPU
		{67A581A9-B29F-48CE-8774-D39029C3031B}.Release|Any CPU.ActiveCfg = Release|Any CPU
		{67A581A9-B29F-48CE-8774-D39029C3031B}.Release|Any CPU.Build.0 = Release|Any CPU
	EndGlobalSection
	GlobalSection(SolutionProperties) = preSolution
		HideSolutionNode = FALSE
	EndGlobalSection
	GlobalSection(ExtensibilityGlobals) = postSolution
		SolutionGuid = {5F705CBB-6C35-4D2F-8B04-4932F2723559}
	EndGlobalSection
EndGlobal
